{
  "name": "csv",
  "version": "1.0.0",
  "lockfileVersion": 2,
  "requires": true,
  "packages": {
    "": {
      "name": "csv",
      "version": "1.0.0",
      "license": "ISC",
      "dependencies": {
        "csv-parse": "^5.0.4",
        "libphonenumber-js": "^1.9.50"
      }
    },
    "node_modules/csv-parse": {
      "version": "5.0.4",
      "resolved": "https://registry.npmjs.org/csv-parse/-/csv-parse-5.0.4.tgz",
      "integrity": "sha512-5AIdl8l6n3iYQYxan5djB5eKDa+vBnhfWZtRpJTcrETWfVLYN0WSj3L9RwvgYt+psoO77juUr8TG8qpfGZifVQ=="
    },
    "node_modules/libphonenumber-js": {
      "version": "1.9.50",
      "resolved": "https://registry.npmjs.org/libphonenumber-js/-/libphonenumber-js-1.9.50.tgz",
      "integrity": "sha512-cCzQPChw2XbordcO2LKiw5Htx5leHVfFk/EXkxNHqJfFo7Fndcb1kF5wPJpc316vCJhhikedYnVysMh3Sc7Ocw=="
    }
  },
  "dependencies": {
    "csv-parse": {
      "version": "5.0.4",
      "resolved": "https://registry.npmjs.org/csv-parse/-/csv-parse-5.0.4.tgz",
      "integrity": "sha512-5AIdl8l6n3iYQYxan5djB5eKDa+vBnhfWZtRpJTcrETWfVLYN0WSj3L9RwvgYt+psoO77juUr8TG8qpfGZifVQ=="
    },
    "libphonenumber-js": {
      "version": "1.9.50",
      "resolved": "https://registry.npmjs.org/libphonenumber-js/-/libphonenumber-js-1.9.50.tgz",
      "integrity": "sha512-cCzQPChw2XbordcO2LKiw5Htx5leHVfFk/EXkxNHqJfFo7Fndcb1kF5wPJpc316vCJhhikedYnVysMh3Sc7Ocw=="
    }
  }
}
